// !$*UTF8*$!
{
	archiveVersion = 1;
	classes = {
	};
	objectVersion = 55;
	objects = {

/* Begin PBXBuildFile section */
		A7203E1C29371DC300E07EB4 /* AppDelegate.swift in Sources */ = {isa = PBXBuildFile; fileRef = A7203E1B29371DC300E07EB4 /* AppDelegate.swift */; };
		A7203E1E29371DC300E07EB4 /* SceneDelegate.swift in Sources */ = {isa = PBXBuildFile; fileRef = A7203E1D29371DC300E07EB4 /* SceneDelegate.swift */; };
		A7203E2029371DC300E07EB4 /* ViewController.swift in Sources */ = {isa = PBXBuildFile; fileRef = A7203E1F29371DC300E07EB4 /* ViewController.swift */; };
		A7203E2329371DC300E07EB4 /* Main.storyboard in Resources */ = {isa = PBXBuildFile; fileRef = A7203E2129371DC300E07EB4 /* Main.storyboard */; };
		A7203E2529371DC500E07EB4 /* Assets.xcassets in Resources */ = {isa = PBXBuildFile; fileRef = A7203E2429371DC500E07EB4 /* Assets.xcassets */; };
		A7203E2829371DC500E07EB4 /* LaunchScreen.storyboard in Resources */ = {isa = PBXBuildFile; fileRef = A7203E2629371DC500E07EB4 /* LaunchScreen.storyboard */; };
		A7203E32293722A100E07EB4 /* TableViewCell.swift in Sources */ = {isa = PBXBuildFile; fileRef = A7203E30293722A100E07EB4 /* TableViewCell.swift */; };
		A7203E33293722A100E07EB4 /* TableViewCell.xib in Resources */ = {isa = PBXBuildFile; fileRef = A7203E31293722A100E07EB4 /* TableViewCell.xib */; };
		A7203E35293725BD00E07EB4 /* Models.swift in Sources */ = {isa = PBXBuildFile; fileRef = A7203E34293725BD00E07EB4 /* Models.swift */; };
		A7203E3829372CEA00E07EB4 /* Kingfisher in Frameworks */ = {isa = PBXBuildFile; productRef = A7203E3729372CEA00E07EB4 /* Kingfisher */; };
		A737E2A6293750C300A0B731 /* DetailViewController.swift in Sources */ = {isa = PBXBuildFile; fileRef = A737E2A5293750C300A0B731 /* DetailViewController.swift */; };
		A737E2A82937E4C500A0B731 /* FavoriteViewController.swift in Sources */ = {isa = PBXBuildFile; fileRef = A737E2A72937E4C500A0B731 /* FavoriteViewController.swift */; };
		A750F212298B7BF80078C2C8 /* SQLite.framework in Frameworks */ = {isa = PBXBuildFile; fileRef = A750F204298B7AD30078C2C8 /* SQLite.framework */; };
		A750F213298B7BF80078C2C8 /* SQLite.framework in Embed Frameworks */ = {isa = PBXBuildFile; fileRef = A750F204298B7AD30078C2C8 /* SQLite.framework */; settings = {ATTRIBUTES = (CodeSignOnCopy, RemoveHeadersOnCopy, ); }; };
/* End PBXBuildFile section */

/* Begin PBXContainerItemProxy section */
		A750F203298B7AD30078C2C8 /* PBXContainerItemProxy */ = {
			isa = PBXContainerItemProxy;
			containerPortal = A750F1F9298B7AD30078C2C8 /* SQLite.xcodeproj */;
			proxyType = 2;
			remoteGlobalIDString = EE247AD31C3F04ED00AE3E12;
			remoteInfo = "SQLite iOS";
		};
		A750F205298B7AD30078C2C8 /* PBXContainerItemProxy */ = {
			isa = PBXContainerItemProxy;
			containerPortal = A750F1F9298B7AD30078C2C8 /* SQLite.xcodeproj */;
			proxyType = 2;
			remoteGlobalIDString = EE247ADD1C3F04ED00AE3E12;
			remoteInfo = "SQLiteTests iOS";
		};
		A750F207298B7AD30078C2C8 /* PBXContainerItemProxy */ = {
			isa = PBXContainerItemProxy;
			containerPortal = A750F1F9298B7AD30078C2C8 /* SQLite.xcodeproj */;
			proxyType = 2;
			remoteGlobalIDString = EE247B3C1C3F3ED000AE3E12;
			remoteInfo = "SQLite Mac";
		};
		A750F209298B7AD30078C2C8 /* PBXContainerItemProxy */ = {
			isa = PBXContainerItemProxy;
			containerPortal = A750F1F9298B7AD30078C2C8 /* SQLite.xcodeproj */;
			proxyType = 2;
			remoteGlobalIDString = EE247B451C3F3ED000AE3E12;
			remoteInfo = "SQLiteTests Mac";
		};
		A750F20B298B7AD30078C2C8 /* PBXContainerItemProxy */ = {
			isa = PBXContainerItemProxy;
			containerPortal = A750F1F9298B7AD30078C2C8 /* SQLite.xcodeproj */;
			proxyType = 2;
			remoteGlobalIDString = 03A65E5A1C6BB0F50062603F;
			remoteInfo = "SQLite tvOS";
		};
		A750F20D298B7AD30078C2C8 /* PBXContainerItemProxy */ = {
			isa = PBXContainerItemProxy;
			containerPortal = A750F1F9298B7AD30078C2C8 /* SQLite.xcodeproj */;
			proxyType = 2;
			remoteGlobalIDString = 03A65E631C6BB0F60062603F;
			remoteInfo = "SQLiteTests tvOS";
		};
		A750F20F298B7AD30078C2C8 /* PBXContainerItemProxy */ = {
			isa = PBXContainerItemProxy;
			containerPortal = A750F1F9298B7AD30078C2C8 /* SQLite.xcodeproj */;
			proxyType = 2;
			remoteGlobalIDString = A121AC451CA35C79005A31D1;
			remoteInfo = "SQLite watchOS";
		};
/* End PBXContainerItemProxy section */

/* Begin PBXCopyFilesBuildPhase section */
		A750F214298B7BF80078C2C8 /* Embed Frameworks */ = {
			isa = PBXCopyFilesBuildPhase;
			buildActionMask = 2147483647;
			dstPath = "";
			dstSubfolderSpec = 10;
			files = (
				A750F213298B7BF80078C2C8 /* SQLite.framework in Embed Frameworks */,
			);
			name = "Embed Frameworks";
			runOnlyForDeploymentPostprocessing = 0;
		};
/* End PBXCopyFilesBuildPhase section */

/* Begin PBXFileReference section */
		A7203E1829371DC300E07EB4 /* TvCatalogTest.app */ = {isa = PBXFileReference; explicitFileType = wrapper.application; includeInIndex = 0; path = TvCatalogTest.app; sourceTree = BUILT_PRODUCTS_DIR; };
		A7203E1B29371DC300E07EB4 /* AppDelegate.swift */ = {isa = PBXFileReference; lastKnownFileType = sourcecode.swift; path = AppDelegate.swift; sourceTree = "<group>"; };
		A7203E1D29371DC300E07EB4 /* SceneDelegate.swift */ = {isa = PBXFileReference; lastKnownFileType = sourcecode.swift; path = SceneDelegate.swift; sourceTree = "<group>"; };
		A7203E1F29371DC300E07EB4 /* ViewController.swift */ = {isa = PBXFileReference; lastKnownFileType = sourcecode.swift; path = ViewController.swift; sourceTree = "<group>"; };
		A7203E2229371DC300E07EB4 /* Base */ = {isa = PBXFileReference; lastKnownFileType = file.storyboard; name = Base; path = Base.lproj/Main.storyboard; sourceTree = "<group>"; };
		A7203E2429371DC500E07EB4 /* Assets.xcassets */ = {isa = PBXFileReference; lastKnownFileType = folder.assetcatalog; path = Assets.xcassets; sourceTree = "<group>"; };
		A7203E2729371DC500E07EB4 /* Base */ = {isa = PBXFileReference; lastKnownFileType = file.storyboard; name = Base; path = Base.lproj/LaunchScreen.storyboard; sourceTree = "<group>"; };
		A7203E2929371DC500E07EB4 /* Info.plist */ = {isa = PBXFileReference; lastKnownFileType = text.plist.xml; path = Info.plist; sourceTree = "<group>"; };
		A7203E30293722A100E07EB4 /* TableViewCell.swift */ = {isa = PBXFileReference; lastKnownFileType = sourcecode.swift; path = TableViewCell.swift; sourceTree = "<group>"; };
		A7203E31293722A100E07EB4 /* TableViewCell.xib */ = {isa = PBXFileReference; lastKnownFileType = file.xib; path = TableViewCell.xib; sourceTree = "<group>"; };
		A7203E34293725BD00E07EB4 /* Models.swift */ = {isa = PBXFileReference; lastKnownFileType = sourcecode.swift; path = Models.swift; sourceTree = "<group>"; };
		A737E2A5293750C300A0B731 /* DetailViewController.swift */ = {isa = PBXFileReference; lastKnownFileType = sourcecode.swift; path = DetailViewController.swift; sourceTree = "<group>"; };
		A737E2A72937E4C500A0B731 /* FavoriteViewController.swift */ = {isa = PBXFileReference; lastKnownFileType = sourcecode.swift; path = FavoriteViewController.swift; sourceTree = "<group>"; };
		A750F1F9298B7AD30078C2C8 /* SQLite.xcodeproj */ = {isa = PBXFileReference; lastKnownFileType = "wrapper.pb-project"; name = SQLite.xcodeproj; path = "../../../../../Downloads/SQLite.swift-swift-5.7/SQLite.xcodeproj"; sourceTree = "<group>"; };
/* End PBXFileReference section */

/* Begin PBXFrameworksBuildPhase section */
		A7203E1529371DC300E07EB4 /* Frameworks */ = {
			isa = PBXFrameworksBuildPhase;
			buildActionMask = 2147483647;
			files = (
				A750F212298B7BF80078C2C8 /* SQLite.framework in Frameworks */,
				A7203E3829372CEA00E07EB4 /* Kingfisher in Frameworks */,
			);
			runOnlyForDeploymentPostprocessing = 0;
		};
/* End PBXFrameworksBuildPhase section */

/* Begin PBXGroup section */
		A7203E0F29371DC300E07EB4 = {
			isa = PBXGroup;
			children = (
				A7203E1A29371DC300E07EB4 /* TvCatalogTest */,
				A7203E1929371DC300E07EB4 /* Products */,
				A750F211298B7BF80078C2C8 /* Frameworks */,
			);
			sourceTree = "<group>";
		};
		A7203E1929371DC300E07EB4 /* Products */ = {
			isa = PBXGroup;
			children = (
				A7203E1829371DC300E07EB4 /* TvCatalogTest.app */,
			);
			name = Products;
			sourceTree = "<group>";
		};
		A7203E1A29371DC300E07EB4 /* TvCatalogTest */ = {
			isa = PBXGroup;
			children = (
				A7203E2F2937228400E07EB4 /* Models */,
				A7203E1B29371DC300E07EB4 /* AppDelegate.swift */,
				A7203E1D29371DC300E07EB4 /* SceneDelegate.swift */,
				A7203E1F29371DC300E07EB4 /* ViewController.swift */,
				A737E2A5293750C300A0B731 /* DetailViewController.swift */,
				A737E2A72937E4C500A0B731 /* FavoriteViewController.swift */,
				A7203E2129371DC300E07EB4 /* Main.storyboard */,
				A7203E2429371DC500E07EB4 /* Assets.xcassets */,
				A7203E2629371DC500E07EB4 /* LaunchScreen.storyboard */,
				A7203E2929371DC500E07EB4 /* Info.plist */,
				A750F1F9298B7AD30078C2C8 /* SQLite.xcodeproj */,
			);
			path = TvCatalogTest;
			sourceTree = "<group>";
		};
		A7203E2F2937228400E07EB4 /* Models */ = {
			isa = PBXGroup;
			children = (
				A7203E30293722A100E07EB4 /* TableViewCell.swift */,
				A7203E31293722A100E07EB4 /* TableViewCell.xib */,
				A7203E34293725BD00E07EB4 /* Models.swift */,
			);
			path = Models;
			sourceTree = "<group>";
		};
		A750F1FA298B7AD30078C2C8 /* Products */ = {
			isa = PBXGroup;
			children = (
				A750F204298B7AD30078C2C8 /* SQLite.framework */,
				A750F206298B7AD30078C2C8 /* SQLiteTests iOS.xctest */,
				A750F208298B7AD30078C2C8 /* SQLite.framework */,
				A750F20A298B7AD30078C2C8 /* SQLiteTests Mac.xctest */,
				A750F20C298B7AD30078C2C8 /* SQLite.framework */,
				A750F20E298B7AD30078C2C8 /* SQLiteTests tvOS.xctest */,
				A750F210298B7AD30078C2C8 /* SQLite.framework */,
			);
			name = Products;
			sourceTree = "<group>";
		};
		A750F211298B7BF80078C2C8 /* Frameworks */ = {
			isa = PBXGroup;
			children = (
			);
			name = Frameworks;
			sourceTree = "<group>";
		};
/* End PBXGroup section */

/* Begin PBXNativeTarget section */
		A7203E1729371DC300E07EB4 /* TvCatalogTest */ = {
			isa = PBXNativeTarget;
			buildConfigurationList = A7203E2C29371DC500E07EB4 /* Build configuration list for PBXNativeTarget "TvCatalogTest" */;
			buildPhases = (
				A7203E1429371DC300E07EB4 /* Sources */,
				A7203E1529371DC300E07EB4 /* Frameworks */,
				A7203E1629371DC300E07EB4 /* Resources */,
				A750F214298B7BF80078C2C8 /* Embed Frameworks */,
			);
			buildRules = (
			);
			dependencies = (
			);
			name = TvCatalogTest;
			packageProductDependencies = (
				A7203E3729372CEA00E07EB4 /* Kingfisher */,
			);
			productName = TvCatalogTest;
			productReference = A7203E1829371DC300E07EB4 /* TvCatalogTest.app */;
			productType = "com.apple.product-type.application";
		};
/* End PBXNativeTarget section */

/* Begin PBXProject section */
		A7203E1029371DC300E07EB4 /* Project object */ = {
			isa = PBXProject;
			attributes = {
				BuildIndependentTargetsInParallel = 1;
				LastSwiftUpdateCheck = 1400;
				LastUpgradeCheck = 1400;
				TargetAttributes = {
					A7203E1729371DC300E07EB4 = {
						CreatedOnToolsVersion = 14.0.1;
					};
				};
			};
			buildConfigurationList = A7203E1329371DC300E07EB4 /* Build configuration list for PBXProject "TvCatalogTest" */;
			compatibilityVersion = "Xcode 13.0";
			developmentRegion = en;
			hasScannedForEncodings = 0;
			knownRegions = (
				en,
				Base,
			);
			mainGroup = A7203E0F29371DC300E07EB4;
			packageReferences = (
				A7203E3629372CEA00E07EB4 /* XCRemoteSwiftPackageReference "Kingfisher" */,
			);
			productRefGroup = A7203E1929371DC300E07EB4 /* Products */;
			projectDirPath = "";
			projectReferences = (
				{
					ProductGroup = A750F1FA298B7AD30078C2C8 /* Products */;
					ProjectRef = A750F1F9298B7AD30078C2C8 /* SQLite.xcodeproj */;
				},
			);
			projectRoot = "";
			targets = (
				A7203E1729371DC300E07EB4 /* TvCatalogTest */,
			);
		};
/* End PBXProject section */

/* Begin PBXReferenceProxy section */
		A750F204298B7AD30078C2C8 /* SQLite.framework */ = {
			isa = PBXReferenceProxy;
			fileType = wrapper.framework;
			path = SQLite.framework;
			remoteRef = A750F203298B7AD30078C2C8 /* PBXContainerItemProxy */;
			sourceTree = BUILT_PRODUCTS_DIR;
		};
		A750F206298B7AD30078C2C8 /* SQLiteTests iOS.xctest */ = {
			isa = PBXReferenceProxy;
			fileType = wrapper.cfbundle;
			path = "SQLiteTests iOS.xctest";
			remoteRef = A750F205298B7AD30078C2C8 /* PBXContainerItemProxy */;
			sourceTree = BUILT_PRODUCTS_DIR;
		};
		A750F208298B7AD30078C2C8 /* SQLite.framework */ = {
			isa = PBXReferenceProxy;
			fileType = wrapper.framework;
			path = SQLite.framework;
			remoteRef = A750F207298B7AD30078C2C8 /* PBXContainerItemProxy */;
			sourceTree = BUILT_PRODUCTS_DIR;
		};
		A750F20A298B7AD30078C2C8 /* SQLiteTests Mac.xctest */ = {
			isa = PBXReferenceProxy;
			fileType = wrapper.cfbundle;
			path = "SQLiteTests Mac.xctest";
			remoteRef = A750F209298B7AD30078C2C8 /* PBXContainerItemProxy */;
			sourceTree = BUILT_PRODUCTS_DIR;
		};
		A750F20C298B7AD30078C2C8 /* SQLite.framework */ = {
			isa = PBXReferenceProxy;
			fileType = wrapper.framework;
			path = SQLite.framework;
			remoteRef = A750F20B298B7AD30078C2C8 /* PBXContainerItemProxy */;
			sourceTree = BUILT_PRODUCTS_DIR;
		};
		A750F20E298B7AD30078C2C8 /* SQLiteTests tvOS.xctest */ = {
			isa = PBXReferenceProxy;
			fileType = wrapper.cfbundle;
			path = "SQLiteTests tvOS.xctest";
			remoteRef = A750F20D298B7AD30078C2C8 /* PBXContainerItemProxy */;
			sourceTree = BUILT_PRODUCTS_DIR;
		};
		A750F210298B7AD30078C2C8 /* SQLite.framework */ = {
			isa = PBXReferenceProxy;
			fileType = wrapper.framework;
			path = SQLite.framework;
			remoteRef = A750F20F298B7AD30078C2C8 /* PBXContainerItemProxy */;
			sourceTree = BUILT_PRODUCTS_DIR;
		};
/* End PBXReferenceProxy section */

/* Begin PBXResourcesBuildPhase section */
		A7203E1629371DC300E07EB4 /* Resources */ = {
			isa = PBXResourcesBuildPhase;
			buildActionMask = 2147483647;
			files = (
				A7203E2829371DC500E07EB4 /* LaunchScreen.storyboard in Resources */,
				A7203E33293722A100E07EB4 /* TableViewCell.xib in Resources */,
				A7203E2529371DC500E07EB4 /* Assets.xcassets in Resources */,
				A7203E2329371DC300E07EB4 /* Main.storyboard in Resources */,
			);
			runOnlyForDeploymentPostprocessing = 0;
		};
/* End PBXResourcesBuildPhase section */

/* Begin PBXSourcesBuildPhase section */
		A7203E1429371DC300E07EB4 /* Sources */ = {
			isa = PBXSourcesBuildPhase;
			buildActionMask = 2147483647;
			files = (
				A7203E2029371DC300E07EB4 /* ViewController.swift in Sources */,
				A7203E32293722A100E07EB4 /* TableViewCell.swift in Sources */,
				A7203E1C29371DC300E07EB4 /* AppDelegate.swift in Sources */,
				A737E2A82937E4C500A0B731 /* FavoriteViewController.swift in Sources */,
				A737E2A6293750C300A0B731 /* DetailViewController.swift in Sources */,
				A7203E1E29371DC300E07EB4 /* SceneDelegate.swift in Sources */,
				A7203E35293725BD00E07EB4 /* Models.swift in Sources */,
			);
			runOnlyForDeploymentPostprocessing = 0;
		};
/* End PBXSourcesBuildPhase section */

/* Begin PBXVariantGroup section */
		A7203E2129371DC300E07EB4 /* Main.storyboard */ = {
			isa = PBXVariantGroup;
			children = (
				A7203E2229371DC300E07EB4 /* Base */,
			);
			name = Main.storyboard;
			sourceTree = "<group>";
		};
		A7203E2629371DC500E07EB4 /* LaunchScreen.storyboard */ = {
			isa = PBXVariantGroup;
			children = (
				A7203E2729371DC500E07EB4 /* Base */,
			);
			name = LaunchScreen.storyboard;
			sourceTree = "<group>";
		};
/* End PBXVariantGroup section */

/* Begin XCBuildConfiguration section */
		A7203E2A29371DC500E07EB4 /* Debug */ = {
			isa = XCBuildConfiguration;
			buildSettings = {
				ALWAYS_SEARCH_USER_PATHS = NO;
				CLANG_ANALYZER_NONNULL = YES;
				CLANG_ANALYZER_NUMBER_OBJECT_CONVERSION = YES_AGGRESSIVE;
				CLANG_CXX_LANGUAGE_STANDARD = "gnu++20";
				CLANG_ENABLE_MODULES = YES;
				CLANG_ENABLE_OBJC_ARC = YES;
				CLANG_ENABLE_OBJC_WEAK = YES;
				CLANG_WARN_BLOCK_CAPTURE_AUTORELEASING = YES;
				CLANG_WARN_BOOL_CONVERSION = YES;
				CLANG_WARN_COMMA = YES;
				CLANG_WARN_CONSTANT_CONVERSION = YES;
				CLANG_WARN_DEPRECATED_OBJC_IMPLEMENTATIONS = YES;
				CLANG_WARN_DIRECT_OBJC_ISA_USAGE = YES_ERROR;
				CLANG_WARN_DOCUMENTATION_COMMENTS = YES;
				CLANG_WARN_EMPTY_BODY = YES;
				CLANG_WARN_ENUM_CONVERSION = YES;
				CLANG_WARN_INFINITE_RECURSION = YES;
				CLANG_WARN_INT_CONVERSION = YES;
				CLANG_WARN_NON_LITERAL_NULL_CONVERSION = YES;
				CLANG_WARN_OBJC_IMPLICIT_RETAIN_SELF = YES;
				CLANG_WARN_OBJC_LITERAL_CONVERSION = YES;
				CLANG_WARN_OBJC_ROOT_CLASS = YES_ERROR;
				CLANG_WARN_QUOTED_INCLUDE_IN_FRAMEWORK_HEADER = YES;
				CLANG_WARN_RANGE_LOOP_ANALYSIS = YES;
				CLANG_WARN_STRICT_PROTOTYPES = YES;
				CLANG_WARN_SUSPICIOUS_MOVE = YES;
				CLANG_WARN_UNGUARDED_AVAILABILITY = YES_AGGRESSIVE;
				CLANG_WARN_UNREACHABLE_CODE = YES;
				CLANG_WARN__DUPLICATE_METHOD_MATCH = YES;
				COPY_PHASE_STRIP = NO;
				DEBUG_INFORMATION_FORMAT = dwarf;
				ENABLE_STRICT_OBJC_MSGSEND = YES;
				ENABLE_TESTABILITY = YES;
				GCC_C_LANGUAGE_STANDARD = gnu11;
				GCC_DYNAMIC_NO_PIC = NO;
				GCC_NO_COMMON_BLOCKS = YES;
				GCC_OPTIMIZATION_LEVEL = 0;
				GCC_PREPROCESSOR_DEFINITIONS = (
					"DEBUG=1",
					"$(inherited)",
				);
				GCC_WARN_64_TO_32_BIT_CONVERSION = YES;
				GCC_WARN_ABOUT_RETURN_TYPE = YES_ERROR;
				GCC_WARN_UNDECLARED_SELECTOR = YES;
				GCC_WARN_UNINITIALIZED_AUTOS = YES_AGGRESSIVE;
				GCC_WARN_UNUSED_FUNCTION = YES;
				GCC_WARN_UNUSED_VARIABLE = YES;
				IPHONEOS_DEPLOYMENT_TARGET = 16.0;
				MTL_ENABLE_DEBUG_INFO = INCLUDE_SOURCE;
				MTL_FAST_MATH = YES;
				ONLY_ACTIVE_ARCH = YES;
				SDKROOT = iphoneos;
				SWIFT_ACTIVE_COMPILATION_CONDITIONS = DEBUG;
				SWIFT_OPTIMIZATION_LEVEL = "-Onone";
			};
			name = Debug;
		};
		A7203E2B29371DC500E07EB4 /* Release */ = {
			isa = XCBuildConfiguration;
			buildSettings = {
				ALWAYS_SEARCH_USER_PATHS = NO;
				CLANG_ANALYZER_NONNULL = YES;
				CLANG_ANALYZER_NUMBER_OBJECT_CONVERSION = YES_AGGRESSIVE;
				CLANG_CXX_LANGUAGE_STANDARD = "gnu++20";
				CLANG_ENABLE_MODULES = YES;
				CLANG_ENABLE_OBJC_ARC = YES;
				CLANG_ENABLE_OBJC_WEAK = YES;
				CLANG_WARN_BLOCK_CAPTURE_AUTORELEASING = YES;
				CLANG_WARN_BOOL_CONVERSION = YES;
				CLANG_WARN_COMMA = YES;
				CLANG_WARN_CONSTANT_CONVERSION = YES;
				CLANG_WARN_DEPRECATED_OBJC_IMPLEMENTATIONS = YES;
				CLANG_WARN_DIRECT_OBJC_ISA_USAGE = YES_ERROR;
				CLANG_WARN_DOCUMENTATION_COMMENTS = YES;
				CLANG_WARN_EMPTY_BODY = YES;
				CLANG_WARN_ENUM_CONVERSION = YES;
				CLANG_WARN_INFINITE_RECURSION = YES;
				CLANG_WARN_INT_CONVERSION = YES;
				CLANG_WARN_NON_LITERAL_NULL_CONVERSION = YES;
				CLANG_WARN_OBJC_IMPLICIT_RETAIN_SELF = YES;
				CLANG_WARN_OBJC_LITERAL_CONVERSION = YES;
				CLANG_WARN_OBJC_ROOT_CLASS = YES_ERROR;
				CLANG_WARN_QUOTED_INCLUDE_IN_FRAMEWORK_HEADER = YES;
				CLANG_WARN_RANGE_LOOP_ANALYSIS = YES;
				CLANG_WARN_STRICT_PROTOTYPES = YES;
				CLANG_WARN_SUSPICIOUS_MOVE = YES;
				CLANG_WARN_UNGUARDED_AVAILABILITY = YES_AGGRESSIVE;
				CLANG_WARN_UNREACHABLE_CODE = YES;
				CLANG_WARN__DUPLICATE_METHOD_MATCH = YES;
				COPY_PHASE_STRIP = NO;
				DEBUG_INFORMATION_FORMAT = "dwarf-with-dsym";
				ENABLE_NS_ASSERTIONS = NO;
				ENABLE_STRICT_OBJC_MSGSEND = YES;
				GCC_C_LANGUAGE_STANDARD = gnu11;
				GCC_NO_COMMON_BLOCKS = YES;
				GCC_WARN_64_TO_32_BIT_CONVERSION = YES;
				GCC_WARN_ABOUT_RETURN_TYPE = YES_ERROR;
				GCC_WARN_UNDECLARED_SELECTOR = YES;
				GCC_WARN_UNINITIALIZED_AUTOS = YES_AGGRESSIVE;
				GCC_WARN_UNUSED_FUNCTION = YES;
				GCC_WARN_UNUSED_VARIABLE = YES;
				IPHONEOS_DEPLOYMENT_TARGET = 16.0;
				MTL_ENABLE_DEBUG_INFO = NO;
				MTL_FAST_MATH = YES;
				SDKROOT = iphoneos;
				SWIFT_COMPILATION_MODE = wholemodule;
				SWIFT_OPTIMIZATION_LEVEL = "-O";
				VALIDATE_PRODUCT = YES;
			};
			name = Release;
		};
		A7203E2D29371DC500E07EB4 /* Debug */ = {
			isa = XCBuildConfiguration;
			buildSettings = {
				ASSETCATALOG_COMPILER_APPICON_NAME = AppIcon;
				ASSETCATALOG_COMPILER_GLOBAL_ACCENT_COLOR_NAME = AccentColor;
				CODE_SIGN_STYLE = Automatic;
				CURRENT_PROJECT_VERSION = 1;
				DEVELOPMENT_TEAM = 4WD72KK9K2;
				GENERATE_INFOPLIST_FILE = YES;
				INFOPLIST_FILE = TvCatalogTest/Info.plist;
				INFOPLIST_KEY_UIApplicationSupportsIndirectInputEvents = YES;
				INFOPLIST_KEY_UILaunchStoryboardName = LaunchScreen;
				INFOPLIST_KEY_UIMainStoryboardFile = Main;
				INFOPLIST_KEY_UISupportedInterfaceOrientations_iPad = "UIInterfaceOrientationPortrait UIInterfaceOrientationPortraitUpsideDown UIInterfaceOrientationLandscapeLeft UIInterfaceOrientationLandscapeRight";
				INFOPLIST_KEY_UISupportedInterfaceOrientations_iPhone = "UIInterfaceOrientationPortrait UIInterfaceOrientationLandscapeLeft UIInterfaceOrientationLandscapeRight";
				LD_RUNPATH_SEARCH_PATHS = (
					"$(inherited)",
					"@executable_path/Frameworks",
				);
				MARKETING_VERSION = 1.0;
				PRODUCT_BUNDLE_IDENTIFIER = com.example.TvCatalogTest;
				PRODUCT_NAME = "$(TARGET_NAME)";
				SUPPORTED_PLATFORMS = "iphoneos iphonesimulator";
				SUPPORTS_MACCATALYST = NO;
				SUPPORTS_MAC_DESIGNED_FOR_IPHONE_IPAD = NO;
				SWIFT_EMIT_LOC_STRINGS = YES;
				SWIFT_VERSION = 5.0;
				TARGETED_DEVICE_FAMILY = 1;
			};
			name = Debug;
		};
		A7203E2E29371DC500E07EB4 /* Release */ = {
			isa = XCBuildConfiguration;
			buildSettings = {
				ASSETCATALOG_COMPILER_APPICON_NAME = AppIcon;
				ASSETCATALOG_COMPILER_GLOBAL_ACCENT_COLOR_NAME = AccentColor;
				CODE_SIGN_STYLE = Automatic;
				CURRENT_PROJECT_VERSION = 1;
				DEVELOPMENT_TEAM = 4WD72KK9K2;
				GENERATE_INFOPLIST_FILE = YES;
				INFOPLIST_FILE = TvCatalogTest/Info.plist;
				INFOPLIST_KEY_UIApplicationSupportsIndirectInputEvents = YES;
				INFOPLIST_KEY_UILaunchStoryboardName = LaunchScreen;
				INFOPLIST_KEY_UIMainStoryboardFile = Main;
				INFOPLIST_KEY_UISupportedInterfaceOrientations_iPad = "UIInterfaceOrientationPortrait UIInterfaceOrientationPortraitUpsideDown UIInterfaceOrientationLandscapeLeft UIInterfaceOrientationLandscapeRight";
				INFOPLIST_KEY_UISupportedInterfaceOrientations_iPhone = "UIInterfaceOrientationPortrait UIInterfaceOrientationLandscapeLeft UIInterfaceOrientationLandscapeRight";
				LD_RUNPATH_SEARCH_PATHS = (
					"$(inherited)",
					"@executable_path/Frameworks",
				);
				MARKETING_VERSION = 1.0;
				PRODUCT_BUNDLE_IDENTIFIER = com.example.TvCatalogTest;
				PRODUCT_NAME = "$(TARGET_NAME)";
				SUPPORTED_PLATFORMS = "iphoneos iphonesimulator";
				SUPPORTS_MACCATALYST = NO;
				SUPPORTS_MAC_DESIGNED_FOR_IPHONE_IPAD = NO;
				SWIFT_EMIT_LOC_STRINGS = YES;
				SWIFT_VERSION = 5.0;
				TARGETED_DEVICE_FAMILY = 1;
			};
			name = Release;
		};
/* End XCBuildConfiguration section */

/* Begin XCConfigurationList section */
		A7203E1329371DC300E07EB4 /* Build configuration list for PBXProject "TvCatalogTest" */ = {
			isa = XCConfigurationList;
			buildConfigurations = (
				A7203E2A29371DC500E07EB4 /* Debug */,
				A7203E2B29371DC500E07EB4 /* Release */,
			);
			defaultConfigurationIsVisible = 0;
			defaultConfigurationName = Release;
		};
		A7203E2C29371DC500E07EB4 /* Build configuration list for PBXNativeTarget "TvCatalogTest" */ = {
			isa = XCConfigurationList;
			buildConfigurations = (
				A7203E2D29371DC500E07EB4 /* Debug */,
				A7203E2E29371DC500E07EB4 /* Release */,
			);
			defaultConfigurationIsVisible = 0;
			defaultConfigurationName = Release;
		};
/* End XCConfigurationList section */

/* Begin XCRemoteSwiftPackageReference section */
		A7203E3629372CEA00E07EB4 /* XCRemoteSwiftPackageReference "Kingfisher" */ = {
			isa = XCRemoteSwiftPackageReference;
			repositoryURL = "https://github.com/onevcat/Kingfisher.git";
			requirement = {
				branch = master;
				kind = branch;
			};
		};
/* End XCRemoteSwiftPackageReference section */

/* Begin XCSwiftPackageProductDependency section */
		A7203E3729372CEA00E07EB4 /* Kingfisher */ = {
			isa = XCSwiftPackageProductDependency;
			package = A7203E3629372CEA00E07EB4 /* XCRemoteSwiftPackageReference "Kingfisher" */;
			productName = Kingfisher;
		};
/* End XCSwiftPackageProductDependency section */
	};
	rootObject = A7203E1029371DC300E07EB4 /* Project object */;
}
